
Microsoft Visual Studio Solution File, Format Version 12.00
Project("{FAE04EC0-301F-11D3-BF4B-00C04F79EFBC}") = "Api", "Api\Api.csproj", "{98BFF19D-B416-4D05-BAFA-C3A63AE6FD2D}"
EndProject
Project("{2150E333-8FDC-42A3-9474-1A3956D46DE8}") = "Infrastructure", "Infrastructure", "{65806738-6D7C-484E-B336-EE33F1653FC4}"
EndProject
Project("{2150E333-8FDC-42A3-9474-1A3956D46DE8}") = "Core", "Core", "{84F497A0-9F63-4780-B8E5-27C61F99C787}"
EndProject
Project("{FAE04EC0-301F-11D3-BF4B-00C04F79EFBC}") = "Application", "Core\Application\Application.csproj", "{960F64F8-570F-4FDC-B779-4ADAE9FE6FE2}"
EndProject
Project("{FAE04EC0-301F-11D3-BF4B-00C04F79EFBC}") = "Domain", "Core\Domain\Domain.csproj", "{22F03B34-CDF1-403E-BEE4-323847EDF140}"
EndProject
Project("{2150E333-8FDC-42A3-9474-1A3956D46DE8}") = "Resource", "Resource", "{AD2C5F75-9153-4E60-A189-D086409FC3E2}"
	ProjectSection(SolutionItems) = preProject
		Resource\docker-compose.yml = Resource\docker-compose.yml
		Resource\.env = Resource\.env
		Resource\nginx.conf = Resource\nginx.conf
		Resource\test-compose.yml = Resource\test-compose.yml
		Resource\migrationScript.txt = Resource\migrationScript.txt
		Resource\docker-compose-dev.yml = Resource\docker-compose-dev.yml
	EndProjectSection
EndProject
Project("{FAE04EC0-301F-11D3-BF4B-00C04F79EFBC}") = "Email", "Infrastructure\Email\Email.csproj", "{AB59BA55-F0E6-429C-A434-B0C33124205F}"
EndProject
Project("{FAE04EC0-301F-11D3-BF4B-00C04F79EFBC}") = "Redis", "Infrastructure\Redis\Redis.csproj", "{EF3897B4-EC3C-46F6-9ADA-BAAA3E6B532B}"
EndProject
Project("{FAE04EC0-301F-11D3-BF4B-00C04F79EFBC}") = "MessageQueues", "Infrastructure\MessageQueues\MessageQueues.csproj", "{6276C7AD-D763-4B05-A4C6-10A0925A25DA}"
EndProject
Project("{FAE04EC0-301F-11D3-BF4B-00C04F79EFBC}") = "Identity", "Infrastructure\Identity\Identity.csproj", "{3B2D64E9-5572-408A-A713-08F39D3CD439}"
EndProject
Project("{2150E333-8FDC-42A3-9474-1A3956D46DE8}") = "Tests", "Tests", "{5046C795-BF77-46A2-982E-27C93D193E86}"
EndProject
Project("{FAE04EC0-301F-11D3-BF4B-00C04F79EFBC}") = "Persistence", "Infrastructure\Persistence\Persistence.csproj", "{F5099B23-185D-4E32-8DF3-A9913DC9A6E8}"
EndProject
Project("{FAE04EC0-301F-11D3-BF4B-00C04F79EFBC}") = "Client", "Client\Client.csproj", "{D39F306A-D470-4E97-9A80-1A18F15C93FA}"
EndProject
Global
	GlobalSection(SolutionConfigurationPlatforms) = preSolution
		Debug|Any CPU = Debug|Any CPU
		Release|Any CPU = Release|Any CPU
	EndGlobalSection
	GlobalSection(ProjectConfigurationPlatforms) = postSolution
		{98BFF19D-B416-4D05-BAFA-C3A63AE6FD2D}.Debug|Any CPU.ActiveCfg = Debug|Any CPU
		{98BFF19D-B416-4D05-BAFA-C3A63AE6FD2D}.Debug|Any CPU.Build.0 = Debug|Any CPU
		{98BFF19D-B416-4D05-BAFA-C3A63AE6FD2D}.Release|Any CPU.ActiveCfg = Release|Any CPU
		{98BFF19D-B416-4D05-BAFA-C3A63AE6FD2D}.Release|Any CPU.Build.0 = Release|Any CPU
		{960F64F8-570F-4FDC-B779-4ADAE9FE6FE2}.Debug|Any CPU.ActiveCfg = Debug|Any CPU
		{960F64F8-570F-4FDC-B779-4ADAE9FE6FE2}.Debug|Any CPU.Build.0 = Debug|Any CPU
		{960F64F8-570F-4FDC-B779-4ADAE9FE6FE2}.Release|Any CPU.ActiveCfg = Release|Any CPU
		{960F64F8-570F-4FDC-B779-4ADAE9FE6FE2}.Release|Any CPU.Build.0 = Release|Any CPU
		{22F03B34-CDF1-403E-BEE4-323847EDF140}.Debug|Any CPU.ActiveCfg = Debug|Any CPU
		{22F03B34-CDF1-403E-BEE4-323847EDF140}.Debug|Any CPU.Build.0 = Debug|Any CPU
		{22F03B34-CDF1-403E-BEE4-323847EDF140}.Release|Any CPU.ActiveCfg = Release|Any CPU
		{22F03B34-CDF1-403E-BEE4-323847EDF140}.Release|Any CPU.Build.0 = Release|Any CPU
		{AB59BA55-F0E6-429C-A434-B0C33124205F}.Debug|Any CPU.ActiveCfg = Debug|Any CPU
		{AB59BA55-F0E6-429C-A434-B0C33124205F}.Debug|Any CPU.Build.0 = Debug|Any CPU
		{AB59BA55-F0E6-429C-A434-B0C33124205F}.Release|Any CPU.ActiveCfg = Release|Any CPU
		{AB59BA55-F0E6-429C-A434-B0C33124205F}.Release|Any CPU.Build.0 = Release|Any CPU
		{EF3897B4-EC3C-46F6-9ADA-BAAA3E6B532B}.Debug|Any CPU.ActiveCfg = Debug|Any CPU
		{EF3897B4-EC3C-46F6-9ADA-BAAA3E6B532B}.Debug|Any CPU.Build.0 = Debug|Any CPU
		{EF3897B4-EC3C-46F6-9ADA-BAAA3E6B532B}.Release|Any CPU.ActiveCfg = Release|Any CPU
		{EF3897B4-EC3C-46F6-9ADA-BAAA3E6B532B}.Release|Any CPU.Build.0 = Release|Any CPU
		{6276C7AD-D763-4B05-A4C6-10A0925A25DA}.Debug|Any CPU.ActiveCfg = Debug|Any CPU
		{6276C7AD-D763-4B05-A4C6-10A0925A25DA}.Debug|Any CPU.Build.0 = Debug|Any CPU
		{6276C7AD-D763-4B05-A4C6-10A0925A25DA}.Release|Any CPU.ActiveCfg = Release|Any CPU
		{6276C7AD-D763-4B05-A4C6-10A0925A25DA}.Release|Any CPU.Build.0 = Release|Any CPU
		{3B2D64E9-5572-408A-A713-08F39D3CD439}.Debug|Any CPU.ActiveCfg = Debug|Any CPU
		{3B2D64E9-5572-408A-A713-08F39D3CD439}.Debug|Any CPU.Build.0 = Debug|Any CPU
		{3B2D64E9-5572-408A-A713-08F39D3CD439}.Release|Any CPU.ActiveCfg = Release|Any CPU
		{3B2D64E9-5572-408A-A713-08F39D3CD439}.Release|Any CPU.Build.0 = Release|Any CPU
		{F5099B23-185D-4E32-8DF3-A9913DC9A6E8}.Debug|Any CPU.ActiveCfg = Debug|Any CPU
		{F5099B23-185D-4E32-8DF3-A9913DC9A6E8}.Debug|Any CPU.Build.0 = Debug|Any CPU
		{F5099B23-185D-4E32-8DF3-A9913DC9A6E8}.Release|Any CPU.ActiveCfg = Release|Any CPU
		{F5099B23-185D-4E32-8DF3-A9913DC9A6E8}.Release|Any CPU.Build.0 = Release|Any CPU
		{D39F306A-D470-4E97-9A80-1A18F15C93FA}.Debug|Any CPU.ActiveCfg = Debug|Any CPU
		{D39F306A-D470-4E97-9A80-1A18F15C93FA}.Release|Any CPU.ActiveCfg = Release|Any CPU
		{D39F306A-D470-4E97-9A80-1A18F15C93FA}.Release|Any CPU.Build.0 = Release|Any CPU
	EndGlobalSection
	GlobalSection(NestedProjects) = preSolution
		{960F64F8-570F-4FDC-B779-4ADAE9FE6FE2} = {84F497A0-9F63-4780-B8E5-27C61F99C787}
		{22F03B34-CDF1-403E-BEE4-323847EDF140} = {84F497A0-9F63-4780-B8E5-27C61F99C787}
		{AB59BA55-F0E6-429C-A434-B0C33124205F} = {65806738-6D7C-484E-B336-EE33F1653FC4}
		{EF3897B4-EC3C-46F6-9ADA-BAAA3E6B532B} = {65806738-6D7C-484E-B336-EE33F1653FC4}
		{6276C7AD-D763-4B05-A4C6-10A0925A25DA} = {65806738-6D7C-484E-B336-EE33F1653FC4}
		{3B2D64E9-5572-408A-A713-08F39D3CD439} = {65806738-6D7C-484E-B336-EE33F1653FC4}
		{F5099B23-185D-4E32-8DF3-A9913DC9A6E8} = {65806738-6D7C-484E-B336-EE33F1653FC4}
	EndGlobalSection
EndGlobal
